
Microsoft Visual Studio Solution File, Format Version 12.00
# Visual Studio Version 17
VisualStudioVersion = 17.10.35013.160
MinimumVisualStudioVersion = 10.0.40219.1
Project("{9A19103F-16F7-4668-BE54-9A1E7A4F7556}") = "ProductivityTools.PDFCommentsExtractor.Api", "ProductivityTools.PDFCommentsExtractor\ProductivityTools.PDFCommentsExtractor.Api.csproj", "{4EC127FD-5762-457E-A6BA-0995A4A3136E}"
EndProject
Project("{9A19103F-16F7-4668-BE54-9A1E7A4F7556}") = "ProductivityTools.PDFCommentsExtractor.Manager", "ProductivityTools.PDFCommentsExtractor.Manager\ProductivityTools.PDFCommentsExtractor.Manager.csproj", "{D3594C42-03B2-42BC-AE89-21C2F93B5EAB}"
EndProject
Project("{FAE04EC0-301F-11D3-BF4B-00C04F79EFBC}") = "ProductivityTools.PDFCommentsExtractor.PdfRunner", "ProductivityTools.PDFCommentsExtractor.PdfRunner\ProductivityTools.PDFCommentsExtractor.PdfRunner.csproj", "{6EE837C9-7FAF-4854-B996-E7E359944306}"
EndProject
Project("{FAE04EC0-301F-11D3-BF4B-00C04F79EFBC}") = "ProductivityTools.PDFCommentsExtractor.its", "ProductivityTools.PDFCommentsExtractor.its\ProductivityTools.PDFCommentsExtractor.its.csproj", "{9A744DEF-54E1-44A6-85B0-556B2B871330}"
EndProject
Global
	GlobalSection(SolutionConfigurationPlatforms) = preSolution
		Debug|Any CPU = Debug|Any CPU
		Release|Any CPU = Release|Any CPU
	EndGlobalSection
	GlobalSection(ProjectConfigurationPlatforms) = postSolution
		{4EC127FD-5762-457E-A6BA-0995A4A3136E}.Debug|Any CPU.ActiveCfg = Debug|Any CPU
		{4EC127FD-5762-457E-A6BA-0995A4A3136E}.Debug|Any CPU.Build.0 = Debug|Any CPU
		{4EC127FD-5762-457E-A6BA-0995A4A3136E}.Release|Any CPU.ActiveCfg = Release|Any CPU
		{4EC127FD-5762-457E-A6BA-0995A4A3136E}.Release|Any CPU.Build.0 = Release|Any CPU
		{D3594C42-03B2-42BC-AE89-21C2F93B5EAB}.Debug|Any CPU.ActiveCfg = Debug|Any CPU
		{D3594C42-03B2-42BC-AE89-21C2F93B5EAB}.Debug|Any CPU.Build.0 = Debug|Any CPU
		{D3594C42-03B2-42BC-AE89-21C2F93B5EAB}.Release|Any CPU.ActiveCfg = Release|Any CPU
		{D3594C42-03B2-42BC-AE89-21C2F93B5EAB}.Release|Any CPU.Build.0 = Release|Any CPU
		{6EE837C9-7FAF-4854-B996-E7E359944306}.Debug|Any CPU.ActiveCfg = Debug|Any CPU
		{6EE837C9-7FAF-4854-B996-E7E359944306}.Debug|Any CPU.Build.0 = Debug|Any CPU
		{6EE837C9-7FAF-4854-B996-E7E359944306}.Release|Any CPU.ActiveCfg = Release|Any CPU
		{6EE837C9-7FAF-4854-B996-E7E359944306}.Release|Any CPU.Build.0 = Release|Any CPU
		{9A744DEF-54E1-44A6-85B0-556B2B871330}.Debug|Any CPU.ActiveCfg = Debug|Any CPU
		{9A744DEF-54E1-44A6-85B0-556B2B871330}.Debug|Any CPU.Build.0 = Debug|Any CPU
		{9A744DEF-54E1-44A6-85B0-556B2B871330}.Release|Any CPU.ActiveCfg = Release|Any CPU
		{9A744DEF-54E1-44A6-85B0-556B2B871330}.Release|Any CPU.Build.0 = Release|Any CPU
	EndGlobalSection
	GlobalSection(SolutionProperties) = preSolution
		HideSolutionNode = FALSE
	EndGlobalSection
	GlobalSection(ExtensibilityGlobals) = postSolution
		SolutionGuid = {A2F745FE-8096-4FA8-99ED-B6E2EB11B8DA}
	EndGlobalSection
EndGlobal
